{
  "name": "site",
  "version": "1.0.0",
  "lockfileVersion": 1,
  "requires": true,
  "dependencies": {
    "@babel/runtime": {
      "version": "7.9.6",
      "resolved": "https://registry.npmjs.org/@babel/runtime/-/runtime-7.9.6.tgz",
      "integrity": "sha512-64AF1xY3OAkFHqOb9s4jpgk1Mm5vDZ4L3acHvAml+53nO1XbXLuDodsVpO4OIUsmemlUHMxNdYMNJmsvOwLrvQ==",
      "requires": {
        "regenerator-runtime": "^0.13.4"
      }
    },
    "polished": {
      "version": "3.6.2",
      "requires": {
        "@babel/runtime": "^7.9.2"
      }
    },
    "react-hook-form": {
      "version": "5.6.3"
    },
    "react-masonry-css": {
      "version": "1.0.14",
      "resolved": "https://registry.npmjs.org/react-masonry-css/-/react-masonry-css-1.0.14.tgz",
      "integrity": "sha512-oAPVOCMApTT0HkxZJy84yU1EWaaQNZnJE0DjDMy/L+LxZoJEph4RRXsT9ppPKbFSo/tCzj+cCLwiBHjZmZ2eXA=="
    },
    "regenerator-runtime": {
      "version": "0.13.7",
      "resolved": "https://registry.npmjs.org/regenerator-runtime/-/regenerator-runtime-0.13.7.tgz",
      "integrity": "sha512-a54FxoJDIr27pgf7IgeQGxmqUNYrcV338lf/6gH456HZ/PhX+5BcwHXG9ajESmwe6WRO0tAzRUrRmNONWgkrew=="
    }
  }
}
